Microsoft Visual Studio Solution File, Format Version 12.00
# Visual Studio Version 17
VisualStudioVersion = 17.0.31903.59
MinimumVisualStudioVersion = 10.0.40219.1
Project("{8BC9CEB8-8B4A-11D0-8D11-00A0C91BC942}") = "coop_dll", "coop_dll.vcxproj", "{B8774BDA-F8E9-48D2-B4A4-BBD62044F71C}"
EndProject
Project("{8BC9CEB8-8B4A-11D0-8D11-00A0C91BC942}") = "winmm_proxy", "winmm_proxy.vcxproj", "{95E9B56A-A125-49EC-B9DA-AD2CB5BFE22B}"
EndProject
Project("{8BC9CEB8-8B4A-11D0-8D11-00A0C91BC942}") = "proxy_smoke", "proxy_smoke.vcxproj", "{4CB553C2-6DCC-45CE-9E55-090564F75B35}"
EndProject
Global
	GlobalSection(SolutionConfigurationPlatforms) = preSolution
		Debug|Win32 = Debug|Win32
		Release|Win32 = Release|Win32
	EndGlobalSection
	GlobalSection(ProjectConfigurationPlatforms) = postSolution
		{B8774BDA-F8E9-48D2-B4A4-BBD62044F71C}.Debug|Win32.ActiveCfg = Debug|Win32
		{B8774BDA-F8E9-48D2-B4A4-BBD62044F71C}.Debug|Win32.Build.0 = Debug|Win32
		{B8774BDA-F8E9-48D2-B4A4-BBD62044F71C}.Release|Win32.ActiveCfg = Release|Win32
		{B8774BDA-F8E9-48D2-B4A4-BBD62044F71C}.Release|Win32.Build.0 = Release|Win32
		{95E9B56A-A125-49EC-B9DA-AD2CB5BFE22B}.Debug|Win32.ActiveCfg = Debug|Win32
		{95E9B56A-A125-49EC-B9DA-AD2CB5BFE22B}.Debug|Win32.Build.0 = Debug|Win32
		{95E9B56A-A125-49EC-B9DA-AD2CB5BFE22B}.Release|Win32.ActiveCfg = Release|Win32
		{95E9B56A-A125-49EC-B9DA-AD2CB5BFE22B}.Release|Win32.Build.0 = Release|Win32
		{4CB553C2-6DCC-45CE-9E55-090564F75B35}.Debug|Win32.ActiveCfg = Debug|Win32
		{4CB553C2-6DCC-45CE-9E55-090564F75B35}.Debug|Win32.Build.0 = Debug|Win32
		{4CB553C2-6DCC-45CE-9E55-090564F75B35}.Release|Win32.ActiveCfg = Release|Win32
		{4CB553C2-6DCC-45CE-9E55-090564F75B35}.Release|Win32.Build.0 = Release|Win32
	EndGlobalSection
	GlobalSection(SolutionProperties) = preSolution
		HideSolutionNode = FALSE
	EndGlobalSection
EndGlobal
